<Solution>
  <Folder Name="/src/">
    <Project Path="src/ThanyMarcus.Portal.Api/ThanyMarcus.Portal.Api.csproj" />
    <Project Path="src/ThanyMarcus.Shared/ThanyMarcus.Shared.csproj" />
  </Folder>
  <Folder Name="/tests/">
    <Project Path="tests/ThanyMarcus.Portal.Tests/ThanyMarcus.Portal.Tests.csproj" />
  </Folder>
</Solution>
